
Microsoft Visual Studio Solution File, Format Version 12.00
# Visual Studio 15
VisualStudioVersion = 15.0.27130.2036
MinimumVisualStudioVersion = 10.0.40219.1
Project("{FAE04EC0-301F-11D3-BF4B-00C04F79EFBC}") = "WindowsFormsApp1", "WindowsFormsApp1\WindowsFormsApp1.csproj", "{CA1CA447-754C-4D89-B4A2-A28F248551FC}"
EndProject
Global
	GlobalSection(SolutionConfigurationPlatforms) = preSolution
		Debug|Any CPU = Debug|Any CPU
		Release|Any CPU = Release|Any CPU
	EndGlobalSection
	GlobalSection(ProjectConfigurationPlatforms) = postSolution
		{CA1CA447-754C-4D89-B4A2-A28F248551FC}.Debug|Any CPU.ActiveCfg = Debug|Any CPU
		{CA1CA447-754C-4D89-B4A2-A28F248551FC}.Debug|Any CPU.Build.0 = Debug|Any CPU
		{CA1CA447-754C-4D89-B4A2-A28F248551FC}.Release|Any CPU.ActiveCfg = Release|Any CPU
		{CA1CA447-754C-4D89-B4A2-A28F248551FC}.Release|Any CPU.Build.0 = Release|Any CPU
	EndGlobalSection
	GlobalSection(SolutionProperties) = preSolution
		HideSolutionNode = FALSE
	EndGlobalSection
	GlobalSection(ExtensibilityGlobals) = postSolution
		SolutionGuid = {3CD46EA6-8212-40A2-94B7-E05CBA2A451A}
	EndGlobalSection
EndGlobal
